
Microsoft Visual Studio Solution File, Format Version 12.00
# Visual Studio 15
VisualStudioVersion = 15.0.27004.2009
MinimumVisualStudioVersion = 10.0.40219.1
Project("{FAE04EC0-301F-11D3-BF4B-00C04F79EFBC}") = "Moviesh", "Moviesh\Moviesh.csproj", "{DE8DECC1-D4CD-4B97-B1AC-0A176C531FED}"
EndProject
Global
	GlobalSection(SolutionConfigurationPlatforms) = preSolution
		Debug|Any CPU = Debug|Any CPU
		Release|Any CPU = Release|Any CPU
	EndGlobalSection
	GlobalSection(ProjectConfigurationPlatforms) = postSolution
		{DE8DECC1-D4CD-4B97-B1AC-0A176C531FED}.Debug|Any CPU.ActiveCfg = Debug|Any CPU
		{DE8DECC1-D4CD-4B97-B1AC-0A176C531FED}.Debug|Any CPU.Build.0 = Debug|Any CPU
		{DE8DECC1-D4CD-4B97-B1AC-0A176C531FED}.Release|Any CPU.ActiveCfg = Release|Any CPU
		{DE8DECC1-D4CD-4B97-B1AC-0A176C531FED}.Release|Any CPU.Build.0 = Release|Any CPU
	EndGlobalSection
	GlobalSection(SolutionProperties) = preSolution
		HideSolutionNode = FALSE
	EndGlobalSection
	GlobalSection(ExtensibilityGlobals) = postSolution
		SolutionGuid = {57D92BEE-CC63-4C57-B8FF-CE3B053ADBDC}
	EndGlobalSection
EndGlobal
